
Microsoft Visual Studio Solution File, Format Version 12.00
# Visual Studio Version 16
VisualStudioVersion = 16.0.31911.196
MinimumVisualStudioVersion = 10.0.40219.1
Project("{FAE04EC0-301F-11D3-BF4B-00C04F79EFBC}") = "SignalRBackend", "SignalRBackend\SignalRBackend.csproj", "{B18FD880-F57C-4E14-87C2-4C15812C4652}"
EndProject
Global
	GlobalSection(SolutionConfigurationPlatforms) = preSolution
		Debug|Any CPU = Debug|Any CPU
		Release|Any CPU = Release|Any CPU
	EndGlobalSection
	GlobalSection(ProjectConfigurationPlatforms) = postSolution
		{B18FD880-F57C-4E14-87C2-4C15812C4652}.Debug|Any CPU.ActiveCfg = Debug|Any CPU
		{B18FD880-F57C-4E14-87C2-4C15812C4652}.Debug|Any CPU.Build.0 = Debug|Any CPU
		{B18FD880-F57C-4E14-87C2-4C15812C4652}.Release|Any CPU.ActiveCfg = Release|Any CPU
		{B18FD880-F57C-4E14-87C2-4C15812C4652}.Release|Any CPU.Build.0 = Release|Any CPU
	EndGlobalSection
	GlobalSection(SolutionProperties) = preSolution
		HideSolutionNode = FALSE
	EndGlobalSection
	GlobalSection(ExtensibilityGlobals) = postSolution
		SolutionGuid = {127887FF-FBB8-4918-9218-B7C8D93A15F0}
	EndGlobalSection
EndGlobal
